
Microsoft Visual Studio Solution File, Format Version 12.00
# Visual Studio Version 17
VisualStudioVersion = 17.7.34031.279
MinimumVisualStudioVersion = 10.0.40219.1
Project("{9A19103F-16F7-4668-BE54-9A1E7A4F7556}") = "Persistence", "Persistence\Persistence.csproj", "{68329849-22A5-433B-B596-6148C4A05AAA}"
EndProject
Project("{9A19103F-16F7-4668-BE54-9A1E7A4F7556}") = "Core", "Core\Core.csproj", "{64D9F626-0983-4CDF-B471-E6E138D43E71}"
EndProject
Project("{9A19103F-16F7-4668-BE54-9A1E7A4F7556}") = "Presentation", "Presentation\Presentation.csproj", "{E478BCF2-5B83-48F0-9FAD-441F9E368AB5}"
EndProject
Project("{9A19103F-16F7-4668-BE54-9A1E7A4F7556}") = "Domain", "Domain\Domain.csproj", "{C7470584-E0CB-4649-A655-654EEA9E0430}"
EndProject
Project("{9A19103F-16F7-4668-BE54-9A1E7A4F7556}") = "WinFormsUI", "WinFormsUI\WinFormsUI.csproj", "{E3803B78-89F3-4A65-819C-4CB067645454}"
EndProject
Project("{2150E333-8FDC-42A3-9474-1A3956D46DE8}") = "Documentation", "Documentation", "{676AF048-F76D-496D-981C-27FA63558ACC}"
EndProject
Global
	GlobalSection(SolutionConfigurationPlatforms) = preSolution
		Debug|Any CPU = Debug|Any CPU
		Release|Any CPU = Release|Any CPU
	EndGlobalSection
	GlobalSection(ProjectConfigurationPlatforms) = postSolution
		{68329849-22A5-433B-B596-6148C4A05AAA}.Debug|Any CPU.ActiveCfg = Debug|Any CPU
		{68329849-22A5-433B-B596-6148C4A05AAA}.Debug|Any CPU.Build.0 = Debug|Any CPU
		{68329849-22A5-433B-B596-6148C4A05AAA}.Release|Any CPU.ActiveCfg = Release|Any CPU
		{68329849-22A5-433B-B596-6148C4A05AAA}.Release|Any CPU.Build.0 = Release|Any CPU
		{64D9F626-0983-4CDF-B471-E6E138D43E71}.Debug|Any CPU.ActiveCfg = Debug|Any CPU
		{64D9F626-0983-4CDF-B471-E6E138D43E71}.Debug|Any CPU.Build.0 = Debug|Any CPU
		{64D9F626-0983-4CDF-B471-E6E138D43E71}.Release|Any CPU.ActiveCfg = Release|Any CPU
		{64D9F626-0983-4CDF-B471-E6E138D43E71}.Release|Any CPU.Build.0 = Release|Any CPU
		{E478BCF2-5B83-48F0-9FAD-441F9E368AB5}.Debug|Any CPU.ActiveCfg = Debug|Any CPU
		{E478BCF2-5B83-48F0-9FAD-441F9E368AB5}.Debug|Any CPU.Build.0 = Debug|Any CPU
		{E478BCF2-5B83-48F0-9FAD-441F9E368AB5}.Release|Any CPU.ActiveCfg = Release|Any CPU
		{E478BCF2-5B83-48F0-9FAD-441F9E368AB5}.Release|Any CPU.Build.0 = Release|Any CPU
		{C7470584-E0CB-4649-A655-654EEA9E0430}.Debug|Any CPU.ActiveCfg = Debug|Any CPU
		{C7470584-E0CB-4649-A655-654EEA9E0430}.Debug|Any CPU.Build.0 = Debug|Any CPU
		{C7470584-E0CB-4649-A655-654EEA9E0430}.Release|Any CPU.ActiveCfg = Release|Any CPU
		{C7470584-E0CB-4649-A655-654EEA9E0430}.Release|Any CPU.Build.0 = Release|Any CPU
		{E3803B78-89F3-4A65-819C-4CB067645454}.Debug|Any CPU.ActiveCfg = Debug|Any CPU
		{E3803B78-89F3-4A65-819C-4CB067645454}.Debug|Any CPU.Build.0 = Debug|Any CPU
		{E3803B78-89F3-4A65-819C-4CB067645454}.Release|Any CPU.ActiveCfg = Release|Any CPU
		{E3803B78-89F3-4A65-819C-4CB067645454}.Release|Any CPU.Build.0 = Release|Any CPU
	EndGlobalSection
	GlobalSection(SolutionProperties) = preSolution
		HideSolutionNode = FALSE
	EndGlobalSection
	GlobalSection(ExtensibilityGlobals) = postSolution
		SolutionGuid = {FCC9A1CC-7136-4B8F-A186-4F627D31BE92}
	EndGlobalSection
EndGlobal
